
Microsoft Visual Studio Solution File, Format Version 12.00
# Visual Studio Version 17
VisualStudioVersion = 17.11.35222.181
MinimumVisualStudioVersion = 10.0.40219.1
Project("{FAE04EC0-301F-11D3-BF4B-00C04F79EFBC}") = "Refit-Client", "Refit-Client\Refit-Client.csproj", "{D894AD4C-6545-440C-B017-2B8D74D4221B}"
EndProject
Global
	GlobalSection(SolutionConfigurationPlatforms) = preSolution
		Debug|Any CPU = Debug|Any CPU
		Release|Any CPU = Release|Any CPU
	EndGlobalSection
	GlobalSection(ProjectConfigurationPlatforms) = postSolution
		{D894AD4C-6545-440C-B017-2B8D74D4221B}.Debug|Any CPU.ActiveCfg = Debug|Any CPU
		{D894AD4C-6545-440C-B017-2B8D74D4221B}.Debug|Any CPU.Build.0 = Debug|Any CPU
		{D894AD4C-6545-440C-B017-2B8D74D4221B}.Release|Any CPU.ActiveCfg = Release|Any CPU
		{D894AD4C-6545-440C-B017-2B8D74D4221B}.Release|Any CPU.Build.0 = Release|Any CPU
	EndGlobalSection
	GlobalSection(SolutionProperties) = preSolution
		HideSolutionNode = FALSE
	EndGlobalSection
	GlobalSection(ExtensibilityGlobals) = postSolution
		SolutionGuid = {E757E122-4479-4D61-90DB-7250AA813F1F}
	EndGlobalSection
EndGlobal
